
Microsoft Visual Studio Solution File, Format Version 12.00
# Visual Studio 14
VisualStudioVersion = 14.0.25123.0
MinimumVisualStudioVersion = 10.0.40219.1
Project("{FAE04EC0-301F-11D3-BF4B-00C04F79EFBC}") = "DAUpdater", "DAUpdater\DAUpdater.csproj", "{A3EA9632-989A-4892-96ED-E029C66658D4}"
EndProject
Project("{FAE04EC0-301F-11D3-BF4B-00C04F79EFBC}") = "Hasher", "Hasher\Hasher.csproj", "{A4CC36CB-3C60-4E81-A780-A4FE8C6A8900}"
EndProject
Global
	GlobalSection(SolutionConfigurationPlatforms) = preSolution
		Debug|Any CPU = Debug|Any CPU
		Release|Any CPU = Release|Any CPU
	EndGlobalSection
	GlobalSection(ProjectConfigurationPlatforms) = postSolution
		{A3EA9632-989A-4892-96ED-E029C66658D4}.Debug|Any CPU.ActiveCfg = Debug|Any CPU
		{A3EA9632-989A-4892-96ED-E029C66658D4}.Debug|Any CPU.Build.0 = Debug|Any CPU
		{A3EA9632-989A-4892-96ED-E029C66658D4}.Release|Any CPU.ActiveCfg = Release|Any CPU
		{A3EA9632-989A-4892-96ED-E029C66658D4}.Release|Any CPU.Build.0 = Release|Any CPU
		{A4CC36CB-3C60-4E81-A780-A4FE8C6A8900}.Debug|Any CPU.ActiveCfg = Debug|Any CPU
		{A4CC36CB-3C60-4E81-A780-A4FE8C6A8900}.Debug|Any CPU.Build.0 = Debug|Any CPU
		{A4CC36CB-3C60-4E81-A780-A4FE8C6A8900}.Release|Any CPU.ActiveCfg = Release|Any CPU
		{A4CC36CB-3C60-4E81-A780-A4FE8C6A8900}.Release|Any CPU.Build.0 = Release|Any CPU
	EndGlobalSection
	GlobalSection(SolutionProperties) = preSolution
		HideSolutionNode = FALSE
	EndGlobalSection
EndGlobal
