
Microsoft Visual Studio Solution File, Format Version 12.00
# Visual Studio 14
VisualStudioVersion = 14.0.25123.0
MinimumVisualStudioVersion = 10.0.40219.1
Project("{FAE04EC0-301F-11D3-BF4B-00C04F79EFBC}") = "Awakener", "DayzWhitelistProPlus\Awakener.csproj", "{BAAF6C4E-3229-4998-878D-0AEC50E3B2AF}"
EndProject
Global
	GlobalSection(SolutionConfigurationPlatforms) = preSolution
		Debug|Any CPU = Debug|Any CPU
		Release|Any CPU = Release|Any CPU
	EndGlobalSection
	GlobalSection(ProjectConfigurationPlatforms) = postSolution
		{BAAF6C4E-3229-4998-878D-0AEC50E3B2AF}.Debug|Any CPU.ActiveCfg = Debug|Any CPU
		{BAAF6C4E-3229-4998-878D-0AEC50E3B2AF}.Debug|Any CPU.Build.0 = Debug|Any CPU
		{BAAF6C4E-3229-4998-878D-0AEC50E3B2AF}.Debug|Any CPU.Deploy.0 = Debug|Any CPU
		{BAAF6C4E-3229-4998-878D-0AEC50E3B2AF}.Release|Any CPU.ActiveCfg = Release|Any CPU
		{BAAF6C4E-3229-4998-878D-0AEC50E3B2AF}.Release|Any CPU.Build.0 = Release|Any CPU
	EndGlobalSection
	GlobalSection(SolutionProperties) = preSolution
		HideSolutionNode = FALSE
	EndGlobalSection
EndGlobal
